
Microsoft Visual Studio Solution File, Format Version 12.00
# Visual Studio Version 16
VisualStudioVersion = 16.0.30406.217
MinimumVisualStudioVersion = 10.0.40219.1
Project("{FAE04EC0-301F-11D3-BF4B-00C04F79EFBC}") = "Task_1.1", "Task_1.1\Task_1.1.csproj", "{252ECB3A-6698-463B-B842-6A172B43D0A5}"
EndProject
Project("{FAE04EC0-301F-11D3-BF4B-00C04F79EFBC}") = "Task_1.2", "Task_1.2\Task_1.2.csproj", "{2A8D7FEE-3EA9-45FA-BD6B-2FA42A524AB9}"
EndProject
Project("{FAE04EC0-301F-11D3-BF4B-00C04F79EFBC}") = "Task_1.3", "Task_1.3\Task_1.3.csproj", "{E67FC40D-8857-420B-84A3-390F9B29AD6B}"
EndProject
Project("{FAE04EC0-301F-11D3-BF4B-00C04F79EFBC}") = "Task_1.4", "Task_1.4\Task_1.4.csproj", "{9734EFC9-6F56-4A47-AC75-B1CF5A88A844}"
EndProject
Project("{FAE04EC0-301F-11D3-BF4B-00C04F79EFBC}") = "Task_2.1", "Task_2.1\Task_2.1.csproj", "{DA70E6DF-77E8-4F72-89BF-72B482EE447B}"
EndProject
Global
	GlobalSection(SolutionConfigurationPlatforms) = preSolution
		Debug|Any CPU = Debug|Any CPU
		Release|Any CPU = Release|Any CPU
	EndGlobalSection
	GlobalSection(ProjectConfigurationPlatforms) = postSolution
		{252ECB3A-6698-463B-B842-6A172B43D0A5}.Debug|Any CPU.ActiveCfg = Debug|Any CPU
		{252ECB3A-6698-463B-B842-6A172B43D0A5}.Debug|Any CPU.Build.0 = Debug|Any CPU
		{252ECB3A-6698-463B-B842-6A172B43D0A5}.Release|Any CPU.ActiveCfg = Release|Any CPU
		{252ECB3A-6698-463B-B842-6A172B43D0A5}.Release|Any CPU.Build.0 = Release|Any CPU
		{2A8D7FEE-3EA9-45FA-BD6B-2FA42A524AB9}.Debug|Any CPU.ActiveCfg = Debug|Any CPU
		{2A8D7FEE-3EA9-45FA-BD6B-2FA42A524AB9}.Debug|Any CPU.Build.0 = Debug|Any CPU
		{2A8D7FEE-3EA9-45FA-BD6B-2FA42A524AB9}.Release|Any CPU.ActiveCfg = Release|Any CPU
		{2A8D7FEE-3EA9-45FA-BD6B-2FA42A524AB9}.Release|Any CPU.Build.0 = Release|Any CPU
		{E67FC40D-8857-420B-84A3-390F9B29AD6B}.Debug|Any CPU.ActiveCfg = Debug|Any CPU
		{E67FC40D-8857-420B-84A3-390F9B29AD6B}.Debug|Any CPU.Build.0 = Debug|Any CPU
		{E67FC40D-8857-420B-84A3-390F9B29AD6B}.Release|Any CPU.ActiveCfg = Release|Any CPU
		{E67FC40D-8857-420B-84A3-390F9B29AD6B}.Release|Any CPU.Build.0 = Release|Any CPU
		{9734EFC9-6F56-4A47-AC75-B1CF5A88A844}.Debug|Any CPU.ActiveCfg = Debug|Any CPU
		{9734EFC9-6F56-4A47-AC75-B1CF5A88A844}.Debug|Any CPU.Build.0 = Debug|Any CPU
		{9734EFC9-6F56-4A47-AC75-B1CF5A88A844}.Release|Any CPU.ActiveCfg = Release|Any CPU
		{9734EFC9-6F56-4A47-AC75-B1CF5A88A844}.Release|Any CPU.Build.0 = Release|Any CPU
		{DA70E6DF-77E8-4F72-89BF-72B482EE447B}.Debug|Any CPU.ActiveCfg = Debug|Any CPU
		{DA70E6DF-77E8-4F72-89BF-72B482EE447B}.Debug|Any CPU.Build.0 = Debug|Any CPU
		{DA70E6DF-77E8-4F72-89BF-72B482EE447B}.Release|Any CPU.ActiveCfg = Release|Any CPU
		{DA70E6DF-77E8-4F72-89BF-72B482EE447B}.Release|Any CPU.Build.0 = Release|Any CPU
	EndGlobalSection
	GlobalSection(SolutionProperties) = preSolution
		HideSolutionNode = FALSE
	EndGlobalSection
	GlobalSection(ExtensibilityGlobals) = postSolution
		SolutionGuid = {F0A7FE38-810A-4367-B27C-98328DED5F83}
	EndGlobalSection
EndGlobal
