
Microsoft Visual Studio Solution File, Format Version 12.00
# Visual Studio Version 16
VisualStudioVersion = 16.0.30804.86
MinimumVisualStudioVersion = 10.0.40219.1
Project("{FAE04EC0-301F-11D3-BF4B-00C04F79EFBC}") = "Task_1", "Task_1\Task_1.csproj", "{7C26C57A-E50A-433D-B973-2BAE48AD62D3}"
EndProject
Project("{FAE04EC0-301F-11D3-BF4B-00C04F79EFBC}") = "Task_2", "Task_2\Task_2.csproj", "{5C1650F1-DA23-40C6-B2FA-0097EDB5D4ED}"
EndProject
Global
	GlobalSection(SolutionConfigurationPlatforms) = preSolution
		Debug|Any CPU = Debug|Any CPU
		Release|Any CPU = Release|Any CPU
	EndGlobalSection
	GlobalSection(ProjectConfigurationPlatforms) = postSolution
		{7C26C57A-E50A-433D-B973-2BAE48AD62D3}.Debug|Any CPU.ActiveCfg = Debug|Any CPU
		{7C26C57A-E50A-433D-B973-2BAE48AD62D3}.Debug|Any CPU.Build.0 = Debug|Any CPU
		{7C26C57A-E50A-433D-B973-2BAE48AD62D3}.Release|Any CPU.ActiveCfg = Release|Any CPU
		{7C26C57A-E50A-433D-B973-2BAE48AD62D3}.Release|Any CPU.Build.0 = Release|Any CPU
		{5C1650F1-DA23-40C6-B2FA-0097EDB5D4ED}.Debug|Any CPU.ActiveCfg = Debug|Any CPU
		{5C1650F1-DA23-40C6-B2FA-0097EDB5D4ED}.Debug|Any CPU.Build.0 = Debug|Any CPU
		{5C1650F1-DA23-40C6-B2FA-0097EDB5D4ED}.Release|Any CPU.ActiveCfg = Release|Any CPU
		{5C1650F1-DA23-40C6-B2FA-0097EDB5D4ED}.Release|Any CPU.Build.0 = Release|Any CPU
	EndGlobalSection
	GlobalSection(SolutionProperties) = preSolution
		HideSolutionNode = FALSE
	EndGlobalSection
	GlobalSection(ExtensibilityGlobals) = postSolution
		SolutionGuid = {865A3113-461E-4474-A502-EB9F7EA3ADD8}
	EndGlobalSection
EndGlobal
