
Microsoft Visual Studio Solution File, Format Version 12.00
# Visual Studio Version 16
VisualStudioVersion = 16.0.30804.86
MinimumVisualStudioVersion = 10.0.40219.1
Project("{9A19103F-16F7-4668-BE54-9A1E7A4F7556}") = "Task_1", "Task_1\Task_1.csproj", "{8ED91079-C737-4353-B299-CB6FA23EDD1F}"
EndProject
Project("{9A19103F-16F7-4668-BE54-9A1E7A4F7556}") = "Task_2", "Task_2\Task_2.csproj", "{C41BD448-5717-44E6-A366-14CE95C58E6F}"
EndProject
Project("{9A19103F-16F7-4668-BE54-9A1E7A4F7556}") = "Task_3", "Task_3\Task_3.csproj", "{346AA269-C937-423A-99BC-2A3E342E44A0}"
EndProject
Global
	GlobalSection(SolutionConfigurationPlatforms) = preSolution
		Debug|Any CPU = Debug|Any CPU
		Release|Any CPU = Release|Any CPU
	EndGlobalSection
	GlobalSection(ProjectConfigurationPlatforms) = postSolution
		{8ED91079-C737-4353-B299-CB6FA23EDD1F}.Debug|Any CPU.ActiveCfg = Debug|Any CPU
		{8ED91079-C737-4353-B299-CB6FA23EDD1F}.Debug|Any CPU.Build.0 = Debug|Any CPU
		{8ED91079-C737-4353-B299-CB6FA23EDD1F}.Release|Any CPU.ActiveCfg = Release|Any CPU
		{8ED91079-C737-4353-B299-CB6FA23EDD1F}.Release|Any CPU.Build.0 = Release|Any CPU
		{C41BD448-5717-44E6-A366-14CE95C58E6F}.Debug|Any CPU.ActiveCfg = Debug|Any CPU
		{C41BD448-5717-44E6-A366-14CE95C58E6F}.Debug|Any CPU.Build.0 = Debug|Any CPU
		{C41BD448-5717-44E6-A366-14CE95C58E6F}.Release|Any CPU.ActiveCfg = Release|Any CPU
		{C41BD448-5717-44E6-A366-14CE95C58E6F}.Release|Any CPU.Build.0 = Release|Any CPU
		{346AA269-C937-423A-99BC-2A3E342E44A0}.Debug|Any CPU.ActiveCfg = Debug|Any CPU
		{346AA269-C937-423A-99BC-2A3E342E44A0}.Debug|Any CPU.Build.0 = Debug|Any CPU
		{346AA269-C937-423A-99BC-2A3E342E44A0}.Release|Any CPU.ActiveCfg = Release|Any CPU
		{346AA269-C937-423A-99BC-2A3E342E44A0}.Release|Any CPU.Build.0 = Release|Any CPU
	EndGlobalSection
	GlobalSection(SolutionProperties) = preSolution
		HideSolutionNode = FALSE
	EndGlobalSection
	GlobalSection(ExtensibilityGlobals) = postSolution
		SolutionGuid = {E62FA031-733E-43E4-A7EE-B357BBD8D42B}
	EndGlobalSection
EndGlobal
