
Microsoft Visual Studio Solution File, Format Version 12.00
# Visual Studio Version 16
VisualStudioVersion = 16.0.30804.86
MinimumVisualStudioVersion = 10.0.40219.1
Project("{9A19103F-16F7-4668-BE54-9A1E7A4F7556}") = "Task_1", "Task_1\Task_1.csproj", "{ADC63877-AE85-4E43-A985-DC5FC517204C}"
EndProject
Project("{FAE04EC0-301F-11D3-BF4B-00C04F79EFBC}") = "Task_2", "Task_2\Task_2.csproj", "{85D94F3D-0880-42E0-890E-5593095CA04E}"
EndProject
Global
	GlobalSection(SolutionConfigurationPlatforms) = preSolution
		Debug|Any CPU = Debug|Any CPU
		Release|Any CPU = Release|Any CPU
	EndGlobalSection
	GlobalSection(ProjectConfigurationPlatforms) = postSolution
		{ADC63877-AE85-4E43-A985-DC5FC517204C}.Debug|Any CPU.ActiveCfg = Debug|Any CPU
		{ADC63877-AE85-4E43-A985-DC5FC517204C}.Debug|Any CPU.Build.0 = Debug|Any CPU
		{ADC63877-AE85-4E43-A985-DC5FC517204C}.Release|Any CPU.ActiveCfg = Release|Any CPU
		{ADC63877-AE85-4E43-A985-DC5FC517204C}.Release|Any CPU.Build.0 = Release|Any CPU
		{85D94F3D-0880-42E0-890E-5593095CA04E}.Debug|Any CPU.ActiveCfg = Debug|Any CPU
		{85D94F3D-0880-42E0-890E-5593095CA04E}.Debug|Any CPU.Build.0 = Debug|Any CPU
		{85D94F3D-0880-42E0-890E-5593095CA04E}.Release|Any CPU.ActiveCfg = Release|Any CPU
		{85D94F3D-0880-42E0-890E-5593095CA04E}.Release|Any CPU.Build.0 = Release|Any CPU
	EndGlobalSection
	GlobalSection(SolutionProperties) = preSolution
		HideSolutionNode = FALSE
	EndGlobalSection
	GlobalSection(ExtensibilityGlobals) = postSolution
		SolutionGuid = {1136016F-4722-4738-B876-BCC16C18ADEA}
	EndGlobalSection
EndGlobal
